
Microsoft Visual Studio Solution File, Format Version 12.00
# Visual Studio Version 17
VisualStudioVersion = 17.6.33723.286
MinimumVisualStudioVersion = 10.0.40219.1
Project("{9A19103F-16F7-4668-BE54-9A1E7A4F7556}") = "PorjectStudentWPF", "PorjectStudentWPF\PorjectStudentWPF.csproj", "{A84BB84C-ED42-4745-8893-8B974A5F2C40}"
EndProject
Project("{FAE04EC0-301F-11D3-BF4B-00C04F79EFBC}") = "WebAPI", "WebAPI\WebAPI.csproj", "{5A90B963-B815-4E6A-A2D2-25AAC44E6054}"
EndProject
Global
	GlobalSection(SolutionConfigurationPlatforms) = preSolution
		Debug|Any CPU = Debug|Any CPU
		Release|Any CPU = Release|Any CPU
	EndGlobalSection
	GlobalSection(ProjectConfigurationPlatforms) = postSolution
		{A84BB84C-ED42-4745-8893-8B974A5F2C40}.Debug|Any CPU.ActiveCfg = Debug|Any CPU
		{A84BB84C-ED42-4745-8893-8B974A5F2C40}.Debug|Any CPU.Build.0 = Debug|Any CPU
		{A84BB84C-ED42-4745-8893-8B974A5F2C40}.Release|Any CPU.ActiveCfg = Release|Any CPU
		{A84BB84C-ED42-4745-8893-8B974A5F2C40}.Release|Any CPU.Build.0 = Release|Any CPU
		{5A90B963-B815-4E6A-A2D2-25AAC44E6054}.Debug|Any CPU.ActiveCfg = Debug|Any CPU
		{5A90B963-B815-4E6A-A2D2-25AAC44E6054}.Debug|Any CPU.Build.0 = Debug|Any CPU
		{5A90B963-B815-4E6A-A2D2-25AAC44E6054}.Release|Any CPU.ActiveCfg = Release|Any CPU
		{5A90B963-B815-4E6A-A2D2-25AAC44E6054}.Release|Any CPU.Build.0 = Release|Any CPU
	EndGlobalSection
	GlobalSection(SolutionProperties) = preSolution
		HideSolutionNode = FALSE
	EndGlobalSection
	GlobalSection(ExtensibilityGlobals) = postSolution
		SolutionGuid = {F7ADDFE1-6454-40F3-ABC0-B25E01420E19}
	EndGlobalSection
EndGlobal
